Microsoft Visual Studio Solution File, Format Version 11.00
# Visual Studio 2008

Project("{6A54D3DF-CCA5-7870-CA73-192B4A75C7A4}") = "InputManager", "Assembly-CSharp.csproj", "{55B32FD2-306F-E56A-91F1-BA5FCA8D09E6}"
EndProject
Project("{6A54D3DF-CCA5-7870-CA73-192B4A75C7A4}") = "InputManager", "Assembly-CSharp-Editor.csproj", "{D69E5CED-9797-1E4C-1978-AE3304AC4CCB}"
EndProject
Project("{6A54D3DF-CCA5-7870-CA73-192B4A75C7A4}") = "InputManager", "Assembly-UnityScript.unityproj", "{8A62EE47-E350-B7C6-BCA7-91390F00F3A1}"
EndProject
Global
	GlobalSection(SolutionConfigurationPlatforms) = preSolution
		Debug|Any CPU = Debug|Any CPU
		Release|Any CPU = Release|Any CPU
	EndGlobalSection
	GlobalSection(ProjectConfigurationPlatforms) = postSolution
		{55B32FD2-306F-E56A-91F1-BA5FCA8D09E6}.Debug|Any CPU.ActiveCfg = Debug|Any CPU
		{55B32FD2-306F-E56A-91F1-BA5FCA8D09E6}.Debug|Any CPU.Build.0 = Debug|Any CPU
		{55B32FD2-306F-E56A-91F1-BA5FCA8D09E6}.Release|Any CPU.ActiveCfg = Release|Any CPU
		{55B32FD2-306F-E56A-91F1-BA5FCA8D09E6}.Release|Any CPU.Build.0 = Release|Any CPU
		{D69E5CED-9797-1E4C-1978-AE3304AC4CCB}.Debug|Any CPU.ActiveCfg = Debug|Any CPU
		{D69E5CED-9797-1E4C-1978-AE3304AC4CCB}.Debug|Any CPU.Build.0 = Debug|Any CPU
		{D69E5CED-9797-1E4C-1978-AE3304AC4CCB}.Release|Any CPU.ActiveCfg = Release|Any CPU
		{D69E5CED-9797-1E4C-1978-AE3304AC4CCB}.Release|Any CPU.Build.0 = Release|Any CPU
		{8A62EE47-E350-B7C6-BCA7-91390F00F3A1}.Debug|Any CPU.ActiveCfg = Debug|Any CPU
		{8A62EE47-E350-B7C6-BCA7-91390F00F3A1}.Debug|Any CPU.Build.0 = Debug|Any CPU
		{8A62EE47-E350-B7C6-BCA7-91390F00F3A1}.Release|Any CPU.ActiveCfg = Release|Any CPU
		{8A62EE47-E350-B7C6-BCA7-91390F00F3A1}.Release|Any CPU.Build.0 = Release|Any CPU
	EndGlobalSection
	GlobalSection(SolutionProperties) = preSolution
		HideSolutionNode = FALSE
	EndGlobalSection
		GlobalSection(MonoDevelopProperties) = preSolution
		StartupItem = Assembly-CSharp.csproj
		Policies = $0
		$0.TextStylePolicy = $1
		$1.inheritsSet = null
		$1.scope = text/x-csharp
		$0.CSharpFormattingPolicy = $2
		$2.inheritsSet = Mono
		$2.inheritsScope = text/x-csharp
		$2.scope = text/x-csharp
		$0.TextStylePolicy = $3
		$3.FileWidth = 120
		$3.TabWidth = 4
		$3.EolMarker = Unix
		$3.inheritsSet = Mono
		$3.inheritsScope = text/plain
		$3.scope = text/plain
	EndGlobalSection

EndGlobal
