
Microsoft Visual Studio Solution File, Format Version 11.0
# Visual Studio 2010
Project("{FAE04EC0-301F-11D3-BF4B-00C04F79EFBC}") = "UnityVS.InputMapper.CSharp", "UnityVS.InputMapper.CSharp.csproj", "{51CD1101-D17D-BA99-2DF3-50DAADDA82CF}"
EndProject
Project("{FAE04EC0-301F-11D3-BF4B-00C04F79EFBC}") = "UnityVS.InputMapper.CSharp.Editor", "UnityVS.InputMapper.CSharp.Editor.csproj", "{973B00D4-705C-9135-562B-5D5E186B4874}"
EndProject
Global
	GlobalSection(SolutionConfigurationPlatforms) = preSolution
		Debug|Any CPU = Debug|Any CPU
		Release|Any CPU = Release|Any CPU
	EndGlobalSection
	GlobalSection(ProjectConfigurationPlatforms) = postSolution
		{51CD1101-D17D-BA99-2DF3-50DAADDA82CF}.Debug|Any CPU.ActiveCfg = Debug|Any CPU
		{51CD1101-D17D-BA99-2DF3-50DAADDA82CF}.Debug|Any CPU.Build.0 = Debug|Any CPU
		{51CD1101-D17D-BA99-2DF3-50DAADDA82CF}.Release|Any CPU.ActiveCfg = Release|Any CPU
		{51CD1101-D17D-BA99-2DF3-50DAADDA82CF}.Release|Any CPU.Build.0 = Release|Any CPU
		{973B00D4-705C-9135-562B-5D5E186B4874}.Debug|Any CPU.ActiveCfg = Debug|Any CPU
		{973B00D4-705C-9135-562B-5D5E186B4874}.Debug|Any CPU.Build.0 = Debug|Any CPU
		{973B00D4-705C-9135-562B-5D5E186B4874}.Release|Any CPU.ActiveCfg = Release|Any CPU
		{973B00D4-705C-9135-562B-5D5E186B4874}.Release|Any CPU.Build.0 = Release|Any CPU
	EndGlobalSection
	GlobalSection(SolutionProperties) = preSolution
		HideSolutionNode = FALSE
	EndGlobalSection
EndGlobal
